// !$*UTF8*$!
{
	archiveVersion = 1;
	classes = {
	};
	objectVersion = 50;
	objects = {

/* Begin PBXBuildFile section */
		89D10CCA90FA57A641CC7EC3 /* Pods_RBSRealmBrowser.framework in Frameworks */ = {isa = PBXBuildFile; fileRef = C20F9807C0F7205ABAD2D652 /* Pods_RBSRealmBrowser.framework */; };
		B6EB0E71239130CF00CDCFC7 /* RBSRealmBrowser.h in Headers */ = {isa = PBXBuildFile; fileRef = B6EB0E6F239130CF00CDCFC7 /* RBSRealmBrowser.h */; settings = {ATTRIBUTES = (Public, ); }; };
		B6EB0E86239131A500CDCFC7 /* BrowserEngine.swift in Sources */ = {isa = PBXBuildFile; fileRef = B6EB0E7E239131A400CDCFC7 /* BrowserEngine.swift */; };
		B6EB0E87239131A500CDCFC7 /* RealmObjectsBrowser.swift in Sources */ = {isa = PBXBuildFile; fileRef = B6EB0E7F239131A400CDCFC7 /* RealmObjectsBrowser.swift */; };
		B6EB0E88239131A500CDCFC7 /* RealmPropertyCell.swift in Sources */ = {isa = PBXBuildFile; fileRef = B6EB0E80239131A500CDCFC7 /* RealmPropertyCell.swift */; };
		B6EB0E89239131A500CDCFC7 /* BrowserTools.swift in Sources */ = {isa = PBXBuildFile; fileRef = B6EB0E81239131A500CDCFC7 /* BrowserTools.swift */; };
		B6EB0E8A239131A500CDCFC7 /* RBSRealmBrowser+Extensions.swift in Sources */ = {isa = PBXBuildFile; fileRef = B6EB0E82239131A500CDCFC7 /* RBSRealmBrowser+Extensions.swift */; };
		B6EB0E8B239131A500CDCFC7 /* RBSRealmBrowser.swift in Sources */ = {isa = PBXBuildFile; fileRef = B6EB0E83239131A500CDCFC7 /* RBSRealmBrowser.swift */; };
		B6EB0E8C239131A500CDCFC7 /* RBSRealmObjectBrowserCell.swift in Sources */ = {isa = PBXBuildFile; fileRef = B6EB0E84239131A500CDCFC7 /* RBSRealmObjectBrowserCell.swift */; };
		B6EB0E8D239131A500CDCFC7 /* RealmPropertyBrowser.swift in Sources */ = {isa = PBXBuildFile; fileRef = B6EB0E85239131A500CDCFC7 /* RealmPropertyBrowser.swift */; };
		B6EB0E912391361100CDCFC7 /* Realm.framework in Frameworks */ = {isa = PBXBuildFile; fileRef = B6EB0E902391361100CDCFC7 /* Realm.framework */; };
/* End PBXBuildFile section */

/* Begin PBXFileReference section */
		49C466397259EDE90BA77B7A /* Pods-RBSRealmBrowser.release.xcconfig */ = {isa = PBXFileReference; includeInIndex = 1; lastKnownFileType = text.xcconfig; name = "Pods-RBSRealmBrowser.release.xcconfig"; path = "Target Support Files/Pods-RBSRealmBrowser/Pods-RBSRealmBrowser.release.xcconfig"; sourceTree = "<group>"; };
		89462FFFD3B278D6504EF39E /* Pods-RBSRealmBrowser.debug.xcconfig */ = {isa = PBXFileReference; includeInIndex = 1; lastKnownFileType = text.xcconfig; name = "Pods-RBSRealmBrowser.debug.xcconfig"; path = "Target Support Files/Pods-RBSRealmBrowser/Pods-RBSRealmBrowser.debug.xcconfig"; sourceTree = "<group>"; };
		B6EB0E6C239130CF00CDCFC7 /* RBSRealmBrowser.framework */ = {isa = PBXFileReference; explicitFileType = wrapper.framework; includeInIndex = 0; path = RBSRealmBrowser.framework; sourceTree = BUILT_PRODUCTS_DIR; };
		B6EB0E6F239130CF00CDCFC7 /* RBSRealmBrowser.h */ = {isa = PBXFileReference; lastKnownFileType = sourcecode.c.h; path = RBSRealmBrowser.h; sourceTree = "<group>"; };
		B6EB0E70239130CF00CDCFC7 /* Info.plist */ = {isa = PBXFileReference; lastKnownFileType = text.plist.xml; path = Info.plist; sourceTree = "<group>"; };
		B6EB0E7E239131A400CDCFC7 /* BrowserEngine.swift */ = {isa = PBXFileReference; fileEncoding = 4; lastKnownFileType = sourcecode.swift; name = BrowserEngine.swift; path = ../../Pod/Classes/BrowserEngine.swift; sourceTree = "<group>"; };
		B6EB0E7F239131A400CDCFC7 /* RealmObjectsBrowser.swift */ = {isa = PBXFileReference; fileEncoding = 4; lastKnownFileType = sourcecode.swift; name = RealmObjectsBrowser.swift; path = ../../Pod/Classes/RealmObjectsBrowser.swift; sourceTree = "<group>"; };
		B6EB0E80239131A500CDCFC7 /* RealmPropertyCell.swift */ = {isa = PBXFileReference; fileEncoding = 4; lastKnownFileType = sourcecode.swift; name = RealmPropertyCell.swift; path = ../../Pod/Classes/RealmPropertyCell.swift; sourceTree = "<group>"; };
		B6EB0E81239131A500CDCFC7 /* BrowserTools.swift */ = {isa = PBXFileReference; fileEncoding = 4; lastKnownFileType = sourcecode.swift; name = BrowserTools.swift; path = ../../Pod/Classes/BrowserTools.swift; sourceTree = "<group>"; };
		B6EB0E82239131A500CDCFC7 /* RBSRealmBrowser+Extensions.swift */ = {isa = PBXFileReference; fileEncoding = 4; lastKnownFileType = sourcecode.swift; name = "RBSRealmBrowser+Extensions.swift"; path = "../../Pod/Classes/RBSRealmBrowser+Extensions.swift"; sourceTree = "<group>"; };
		B6EB0E83239131A500CDCFC7 /* RBSRealmBrowser.swift */ = {isa = PBXFileReference; fileEncoding = 4; lastKnownFileType = sourcecode.swift; name = RBSRealmBrowser.swift; path = ../../Pod/Classes/RBSRealmBrowser.swift; sourceTree = "<group>"; };
		B6EB0E84239131A500CDCFC7 /* RBSRealmObjectBrowserCell.swift */ = {isa = PBXFileReference; fileEncoding = 4; lastKnownFileType = sourcecode.swift; name = RBSRealmObjectBrowserCell.swift; path = ../../Pod/Classes/RBSRealmObjectBrowserCell.swift; sourceTree = "<group>"; };
		B6EB0E85239131A500CDCFC7 /* RealmPropertyBrowser.swift */ = {isa = PBXFileReference; fileEncoding = 4; lastKnownFileType = sourcecode.swift; name = RealmPropertyBrowser.swift; path = ../../Pod/Classes/RealmPropertyBrowser.swift; sourceTree = "<group>"; };
		B6EB0E8E239131FB00CDCFC7 /* Realm.framework */ = {isa = PBXFileReference; explicitFileType = wrapper.framework; path = Realm.framework; sourceTree = BUILT_PRODUCTS_DIR; };
		B6EB0E902391361100CDCFC7 /* Realm.framework */ = {isa = PBXFileReference; explicitFileType = wrapper.framework; path = Realm.framework; sourceTree = BUILT_PRODUCTS_DIR; };
		C20F9807C0F7205ABAD2D652 /* Pods_RBSRealmBrowser.framework */ = {isa = PBXFileReference; explicitFileType = wrapper.framework; includeInIndex = 0; path = Pods_RBSRealmBrowser.framework; sourceTree = BUILT_PRODUCTS_DIR; };
/* End PBXFileReference section */

/* Begin PBXFrameworksBuildPhase section */
		B6EB0E69239130CF00CDCFC7 /* Frameworks */ = {
			isa = PBXFrameworksBuildPhase;
			buildActionMask = 2147483647;
			files = (
				B6EB0E912391361100CDCFC7 /* Realm.framework in Frameworks */,
				89D10CCA90FA57A641CC7EC3 /* Pods_RBSRealmBrowser.framework in Frameworks */,
			);
			runOnlyForDeploymentPostprocessing = 0;
		};
/* End PBXFrameworksBuildPhase section */

/* Begin PBXGroup section */
		571823CED0BA650AC7790C4C /* Frameworks */ = {
			isa = PBXGroup;
			children = (
				B6EB0E902391361100CDCFC7 /* Realm.framework */,
				B6EB0E8E239131FB00CDCFC7 /* Realm.framework */,
				C20F9807C0F7205ABAD2D652 /* Pods_RBSRealmBrowser.framework */,
			);
			name = Frameworks;
			sourceTree = "<group>";
		};
		B6EB0E62239130CF00CDCFC7 = {
			isa = PBXGroup;
			children = (
				B6EB0E6E239130CF00CDCFC7 /* RBSRealmBrowser */,
				B6EB0E6D239130CF00CDCFC7 /* Products */,
				BCCC49E5AE6F2290818A23C4 /* Pods */,
				571823CED0BA650AC7790C4C /* Frameworks */,
			);
			sourceTree = "<group>";
		};
		B6EB0E6D239130CF00CDCFC7 /* Products */ = {
			isa = PBXGroup;
			children = (
				B6EB0E6C239130CF00CDCFC7 /* RBSRealmBrowser.framework */,
			);
			name = Products;
			sourceTree = "<group>";
		};
		B6EB0E6E239130CF00CDCFC7 /* RBSRealmBrowser */ = {
			isa = PBXGroup;
			children = (
				B6EB0E7E239131A400CDCFC7 /* BrowserEngine.swift */,
				B6EB0E81239131A500CDCFC7 /* BrowserTools.swift */,
				B6EB0E83239131A500CDCFC7 /* RBSRealmBrowser.swift */,
				B6EB0E82239131A500CDCFC7 /* RBSRealmBrowser+Extensions.swift */,
				B6EB0E84239131A500CDCFC7 /* RBSRealmObjectBrowserCell.swift */,
				B6EB0E7F239131A400CDCFC7 /* RealmObjectsBrowser.swift */,
				B6EB0E85239131A500CDCFC7 /* RealmPropertyBrowser.swift */,
				B6EB0E80239131A500CDCFC7 /* RealmPropertyCell.swift */,
				B6EB0E6F239130CF00CDCFC7 /* RBSRealmBrowser.h */,
				B6EB0E70239130CF00CDCFC7 /* Info.plist */,
			);
			path = RBSRealmBrowser;
			sourceTree = "<group>";
		};
		BCCC49E5AE6F2290818A23C4 /* Pods */ = {
			isa = PBXGroup;
			children = (
				89462FFFD3B278D6504EF39E /* Pods-RBSRealmBrowser.debug.xcconfig */,
				49C466397259EDE90BA77B7A /* Pods-RBSRealmBrowser.release.xcconfig */,
			);
			path = Pods;
			sourceTree = "<group>";
		};
/* End PBXGroup section */

/* Begin PBXHeadersBuildPhase section */
		B6EB0E67239130CF00CDCFC7 /* Headers */ = {
			isa = PBXHeadersBuildPhase;
			buildActionMask = 2147483647;
			files = (
				B6EB0E71239130CF00CDCFC7 /* RBSRealmBrowser.h in Headers */,
			);
			runOnlyForDeploymentPostprocessing = 0;
		};
/* End PBXHeadersBuildPhase section */

/* Begin PBXNativeTarget section */
		B6EB0E6B239130CF00CDCFC7 /* RBSRealmBrowser */ = {
			isa = PBXNativeTarget;
			buildConfigurationList = B6EB0E74239130CF00CDCFC7 /* Build configuration list for PBXNativeTarget "RBSRealmBrowser" */;
			buildPhases = (
				7F6193C9DEE52053536A0C7F /* [CP] Check Pods Manifest.lock */,
				B6EB0E67239130CF00CDCFC7 /* Headers */,
				B6EB0E68239130CF00CDCFC7 /* Sources */,
				B6EB0E69239130CF00CDCFC7 /* Frameworks */,
				B6EB0E6A239130CF00CDCFC7 /* Resources */,
			);
			buildRules = (
			);
			dependencies = (
			);
			name = RBSRealmBrowser;
			productName = RBSRealmBrowser;
			productReference = B6EB0E6C239130CF00CDCFC7 /* RBSRealmBrowser.framework */;
			productType = "com.apple.product-type.framework";
		};
/* End PBXNativeTarget section */

/* Begin PBXProject section */
		B6EB0E63239130CF00CDCFC7 /* Project object */ = {
			isa = PBXProject;
			attributes = {
				LastUpgradeCheck = 1020;
				TargetAttributes = {
					B6EB0E6B239130CF00CDCFC7 = {
						CreatedOnToolsVersion = 10.2.1;
						LastSwiftMigration = 1020;
					};
				};
			};
			buildConfigurationList = B6EB0E66239130CF00CDCFC7 /* Build configuration list for PBXProject "RBSRealmBrowser" */;
			compatibilityVersion = "Xcode 9.3";
			developmentRegion = en;
			hasScannedForEncodings = 0;
			knownRegions = (
				en,
			);
			mainGroup = B6EB0E62239130CF00CDCFC7;
			productRefGroup = B6EB0E6D239130CF00CDCFC7 /* Products */;
			projectDirPath = "";
			projectRoot = "";
			targets = (
				B6EB0E6B239130CF00CDCFC7 /* RBSRealmBrowser */,
			);
		};
/* End PBXProject section */

/* Begin PBXResourcesBuildPhase section */
		B6EB0E6A239130CF00CDCFC7 /* Resources */ = {
			isa = PBXResourcesBuildPhase;
			buildActionMask = 2147483647;
			files = (
			);
			runOnlyForDeploymentPostprocessing = 0;
		};
/* End PBXResourcesBuildPhase section */

/* Begin PBXShellScriptBuildPhase section */
		7F6193C9DEE52053536A0C7F /* [CP] Check Pods Manifest.lock */ = {
			isa = PBXShellScriptBuildPhase;
			buildActionMask = 2147483647;
			files = (
			);
			inputFileListPaths = (
			);
			inputPaths = (
				"${PODS_PODFILE_DIR_PATH}/Podfile.lock",
				"${PODS_ROOT}/Manifest.lock",
			);
			name = "[CP] Check Pods Manifest.lock";
			outputFileListPaths = (
			);
			outputPaths = (
				"$(DERIVED_FILE_DIR)/Pods-RBSRealmBrowser-checkManifestLockResult.txt",
			);
			runOnlyForDeploymentPostprocessing = 0;
			shellPath = /bin/sh;
			shellScript = "diff \"${PODS_PODFILE_DIR_PATH}/Podfile.lock\" \"${PODS_ROOT}/Manifest.lock\" > /dev/null\nif [ $? != 0 ] ; then\n    # print error to STDERR\n    echo \"error: The sandbox is not in sync with the Podfile.lock. Run 'pod install' or update your CocoaPods installation.\" >&2\n    exit 1\nfi\n# This output is used by Xcode 'outputs' to avoid re-running this script phase.\necho \"SUCCESS\" > \"${SCRIPT_OUTPUT_FILE_0}\"\n";
			showEnvVarsInLog = 0;
		};
/* End PBXShellScriptBuildPhase section */

/* Begin PBXSourcesBuildPhase section */
		B6EB0E68239130CF00CDCFC7 /* Sources */ = {
			isa = PBXSourcesBuildPhase;
			buildActionMask = 2147483647;
			files = (
				B6EB0E8B239131A500CDCFC7 /* RBSRealmBrowser.swift in Sources */,
				B6EB0E86239131A500CDCFC7 /* BrowserEngine.swift in Sources */,
				B6EB0E88239131A500CDCFC7 /* RealmPropertyCell.swift in Sources */,
				B6EB0E89239131A500CDCFC7 /* BrowserTools.swift in Sources */,
				B6EB0E87239131A500CDCFC7 /* RealmObjectsBrowser.swift in Sources */,
				B6EB0E8C239131A500CDCFC7 /* RBSRealmObjectBrowserCell.swift in Sources */,
				B6EB0E8A239131A500CDCFC7 /* RBSRealmBrowser+Extensions.swift in Sources */,
				B6EB0E8D239131A500CDCFC7 /* RealmPropertyBrowser.swift in Sources */,
			);
			runOnlyForDeploymentPostprocessing = 0;
		};
/* End PBXSourcesBuildPhase section */

/* Begin XCBuildConfiguration section */
		B6EB0E72239130CF00CDCFC7 /* Debug */ = {
			isa = XCBuildConfiguration;
			buildSettings = {
				ALWAYS_SEARCH_USER_PATHS = NO;
				CLANG_ANALYZER_NONNULL = YES;
				CLANG_ANALYZER_NUMBER_OBJECT_CONVERSION = YES_AGGRESSIVE;
				CLANG_CXX_LANGUAGE_STANDARD = "gnu++14";
				CLANG_CXX_LIBRARY = "libc++";
				CLANG_ENABLE_MODULES = YES;
				CLANG_ENABLE_OBJC_ARC = YES;
				CLANG_ENABLE_OBJC_WEAK = YES;
				CLANG_WARN_BLOCK_CAPTURE_AUTORELEASING = YES;
				CLANG_WARN_BOOL_CONVERSION = YES;
				CLANG_WARN_COMMA = YES;
				CLANG_WARN_CONSTANT_CONVERSION = YES;
				CLANG_WARN_DEPRECATED_OBJC_IMPLEMENTATIONS = YES;
				CLANG_WARN_DIRECT_OBJC_ISA_USAGE = YES_ERROR;
				CLANG_WARN_DOCUMENTATION_COMMENTS = YES;
				CLANG_WARN_EMPTY_BODY = YES;
				CLANG_WARN_ENUM_CONVERSION = YES;
				CLANG_WARN_INFINITE_RECURSION = YES;
				CLANG_WARN_INT_CONVERSION = YES;
				CLANG_WARN_NON_LITERAL_NULL_CONVERSION = YES;
				CLANG_WARN_OBJC_IMPLICIT_RETAIN_SELF = YES;
				CLANG_WARN_OBJC_LITERAL_CONVERSION = YES;
				CLANG_WARN_OBJC_ROOT_CLASS = YES_ERROR;
				CLANG_WARN_RANGE_LOOP_ANALYSIS = YES;
				CLANG_WARN_STRICT_PROTOTYPES = YES;
				CLANG_WARN_SUSPICIOUS_MOVE = YES;
				CLANG_WARN_UNGUARDED_AVAILABILITY = YES_AGGRESSIVE;
				CLANG_WARN_UNREACHABLE_CODE = YES;
				CLANG_WARN__DUPLICATE_METHOD_MATCH = YES;
				CODE_SIGN_IDENTITY = "iPhone Developer";
				COPY_PHASE_STRIP = NO;
				CURRENT_PROJECT_VERSION = 1;
				DEBUG_INFORMATION_FORMAT = dwarf;
				ENABLE_STRICT_OBJC_MSGSEND = YES;
				ENABLE_TESTABILITY = YES;
				GCC_C_LANGUAGE_STANDARD = gnu11;
				GCC_DYNAMIC_NO_PIC = NO;
				GCC_NO_COMMON_BLOCKS = YES;
				GCC_OPTIMIZATION_LEVEL = 0;
				GCC_PREPROCESSOR_DEFINITIONS = (
					"DEBUG=1",
					"$(inherited)",
				);
				GCC_WARN_64_TO_32_BIT_CONVERSION = YES;
				GCC_WARN_ABOUT_RETURN_TYPE = YES_ERROR;
				GCC_WARN_UNDECLARED_SELECTOR = YES;
				GCC_WARN_UNINITIALIZED_AUTOS = YES_AGGRESSIVE;
				GCC_WARN_UNUSED_FUNCTION = YES;
				GCC_WARN_UNUSED_VARIABLE = YES;
				IPHONEOS_DEPLOYMENT_TARGET = 12.2;
				LD_RUNPATH_SEARCH_PATHS = "";
				MTL_ENABLE_DEBUG_INFO = INCLUDE_SOURCE;
				MTL_FAST_MATH = YES;
				ONLY_ACTIVE_ARCH = YES;
				SDKROOT = iphoneos;
				SWIFT_ACTIVE_COMPILATION_CONDITIONS = DEBUG;
				SWIFT_OPTIMIZATION_LEVEL = "-Onone";
				VERSIONING_SYSTEM = "apple-generic";
				VERSION_INFO_PREFIX = "";
			};
			name = Debug;
		};
		B6EB0E73239130CF00CDCFC7 /* Release */ = {
			isa = XCBuildConfiguration;
			buildSettings = {
				ALWAYS_SEARCH_USER_PATHS = NO;
				CLANG_ANALYZER_NONNULL = YES;
				CLANG_ANALYZER_NUMBER_OBJECT_CONVERSION = YES_AGGRESSIVE;
				CLANG_CXX_LANGUAGE_STANDARD = "gnu++14";
				CLANG_CXX_LIBRARY = "libc++";
				CLANG_ENABLE_MODULES = YES;
				CLANG_ENABLE_OBJC_ARC = YES;
				CLANG_ENABLE_OBJC_WEAK = YES;
				CLANG_WARN_BLOCK_CAPTURE_AUTORELEASING = YES;
				CLANG_WARN_BOOL_CONVERSION = YES;
				CLANG_WARN_COMMA = YES;
				CLANG_WARN_CONSTANT_CONVERSION = YES;
				CLANG_WARN_DEPRECATED_OBJC_IMPLEMENTATIONS = YES;
				CLANG_WARN_DIRECT_OBJC_ISA_USAGE = YES_ERROR;
				CLANG_WARN_DOCUMENTATION_COMMENTS = YES;
				CLANG_WARN_EMPTY_BODY = YES;
				CLANG_WARN_ENUM_CONVERSION = YES;
				CLANG_WARN_INFINITE_RECURSION = YES;
				CLANG_WARN_INT_CONVERSION = YES;
				CLANG_WARN_NON_LITERAL_NULL_CONVERSION = YES;
				CLANG_WARN_OBJC_IMPLICIT_RETAIN_SELF = YES;
				CLANG_WARN_OBJC_LITERAL_CONVERSION = YES;
				CLANG_WARN_OBJC_ROOT_CLASS = YES_ERROR;
				CLANG_WARN_RANGE_LOOP_ANALYSIS = YES;
				CLANG_WARN_STRICT_PROTOTYPES = YES;
				CLANG_WARN_SUSPICIOUS_MOVE = YES;
				CLANG_WARN_UNGUARDED_AVAILABILITY = YES_AGGRESSIVE;
				CLANG_WARN_UNREACHABLE_CODE = YES;
				CLANG_WARN__DUPLICATE_METHOD_MATCH = YES;
				CODE_SIGN_IDENTITY = "iPhone Developer";
				COPY_PHASE_STRIP = NO;
				CURRENT_PROJECT_VERSION = 1;
				DEBUG_INFORMATION_FORMAT = "dwarf-with-dsym";
				ENABLE_NS_ASSERTIONS = NO;
				ENABLE_STRICT_OBJC_MSGSEND = YES;
				GCC_C_LANGUAGE_STANDARD = gnu11;
				GCC_NO_COMMON_BLOCKS = YES;
				GCC_WARN_64_TO_32_BIT_CONVERSION = YES;
				GCC_WARN_ABOUT_RETURN_TYPE = YES_ERROR;
				GCC_WARN_UNDECLARED_SELECTOR = YES;
				GCC_WARN_UNINITIALIZED_AUTOS = YES_AGGRESSIVE;
				GCC_WARN_UNUSED_FUNCTION = YES;
				GCC_WARN_UNUSED_VARIABLE = YES;
				IPHONEOS_DEPLOYMENT_TARGET = 12.2;
				LD_RUNPATH_SEARCH_PATHS = "";
				MTL_ENABLE_DEBUG_INFO = NO;
				MTL_FAST_MATH = YES;
				SDKROOT = iphoneos;
				SWIFT_COMPILATION_MODE = wholemodule;
				SWIFT_OPTIMIZATION_LEVEL = "-O";
				VALIDATE_PRODUCT = YES;
				VERSIONING_SYSTEM = "apple-generic";
				VERSION_INFO_PREFIX = "";
			};
			name = Release;
		};
		B6EB0E75239130CF00CDCFC7 /* Debug */ = {
			isa = XCBuildConfiguration;
			baseConfigurationReference = 89462FFFD3B278D6504EF39E /* Pods-RBSRealmBrowser.debug.xcconfig */;
			buildSettings = {
				CLANG_ENABLE_MODULES = YES;
				CODE_SIGN_IDENTITY = "";
				CODE_SIGN_STYLE = Automatic;
				DEFINES_MODULE = YES;
				DYLIB_COMPATIBILITY_VERSION = 1;
				DYLIB_CURRENT_VERSION = 1;
				DYLIB_INSTALL_NAME_BASE = "@rpath";
				FRAMEWORK_SEARCH_PATHS = (
					"$(inherited)",
					"${BUILT_PRODUCTS_DIR}/RealmSwift",
				);
				INFOPLIST_FILE = RBSRealmBrowser/Info.plist;
				INSTALL_PATH = "$(LOCAL_LIBRARY_DIR)/Frameworks";
				LD_RUNPATH_SEARCH_PATHS = (
					"$(inherited)",
					"@executable_path/Frameworks",
					"@loader_path/Frameworks",
				);
				PRODUCT_BUNDLE_IDENTIFIER = com.RBSRealmBrowser;
				PRODUCT_NAME = "$(TARGET_NAME:c99extidentifier)";
				SKIP_INSTALL = YES;
				SWIFT_OPTIMIZATION_LEVEL = "-Onone";
				SWIFT_VERSION = 5.0;
				TARGETED_DEVICE_FAMILY = "1,2";
			};
			name = Debug;
		};
		B6EB0E76239130CF00CDCFC7 /* Release */ = {
			isa = XCBuildConfiguration;
			baseConfigurationReference = 49C466397259EDE90BA77B7A /* Pods-RBSRealmBrowser.release.xcconfig */;
			buildSettings = {
				CLANG_ENABLE_MODULES = YES;
				CODE_SIGN_IDENTITY = "";
				CODE_SIGN_STYLE = Automatic;
				DEFINES_MODULE = YES;
				DYLIB_COMPATIBILITY_VERSION = 1;
				DYLIB_CURRENT_VERSION = 1;
				DYLIB_INSTALL_NAME_BASE = "@rpath";
				FRAMEWORK_SEARCH_PATHS = (
					"$(inherited)",
					"${BUILT_PRODUCTS_DIR}/RealmSwift",
				);
				INFOPLIST_FILE = RBSRealmBrowser/Info.plist;
				INSTALL_PATH = "$(LOCAL_LIBRARY_DIR)/Frameworks";
				LD_RUNPATH_SEARCH_PATHS = (
					"$(inherited)",
					"@executable_path/Frameworks",
					"@loader_path/Frameworks",
				);
				PRODUCT_BUNDLE_IDENTIFIER = com.RBSRealmBrowser;
				PRODUCT_NAME = "$(TARGET_NAME:c99extidentifier)";
				SKIP_INSTALL = YES;
				SWIFT_VERSION = 5.0;
				TARGETED_DEVICE_FAMILY = "1,2";
			};
			name = Release;
		};
/* End XCBuildConfiguration section */

/* Begin XCConfigurationList section */
		B6EB0E66239130CF00CDCFC7 /* Build configuration list for PBXProject "RBSRealmBrowser" */ = {
			isa = XCConfigurationList;
			buildConfigurations = (
				B6EB0E72239130CF00CDCFC7 /* Debug */,
				B6EB0E73239130CF00CDCFC7 /* Release */,
			);
			defaultConfigurationIsVisible = 0;
			defaultConfigurationName = Release;
		};
		B6EB0E74239130CF00CDCFC7 /* Build configuration list for PBXNativeTarget "RBSRealmBrowser" */ = {
			isa = XCConfigurationList;
			buildConfigurations = (
				B6EB0E75239130CF00CDCFC7 /* Debug */,
				B6EB0E76239130CF00CDCFC7 /* Release */,
			);
			defaultConfigurationIsVisible = 0;
			defaultConfigurationName = Release;
		};
/* End XCConfigurationList section */
	};
	rootObject = B6EB0E63239130CF00CDCFC7 /* Project object */;
}
